// !$*UTF8*$!
{
	archiveVersion = 1;
	classes = {
	};
	objectVersion = 55;
	objects = {

/* Begin PBXBuildFile section */
		447837C228DA29E400C519AE /* ToggleSerieAsFavoriteUseCase.swift in Sources */ = {isa = PBXBuildFile; fileRef = 447837C128DA29E400C519AE /* ToggleSerieAsFavoriteUseCase.swift */; };
		447837C428DA29F100C519AE /* ToggleSerieAsFavoriteRepository.swift in Sources */ = {isa = PBXBuildFile; fileRef = 447837C328DA29F100C519AE /* ToggleSerieAsFavoriteRepository.swift */; };
		447837C628DA29FB00C519AE /* DefaultToggleSerieAsFavoriteRepository.swift in Sources */ = {isa = PBXBuildFile; fileRef = 447837C528DA29FB00C519AE /* DefaultToggleSerieAsFavoriteRepository.swift */; };
		447837E328DA329600C519AE /* LocalStorage.swift in Sources */ = {isa = PBXBuildFile; fileRef = 447837E228DA329600C519AE /* LocalStorage.swift */; };
		447837E728DA587D00C519AE /* KeychainStorage.swift in Sources */ = {isa = PBXBuildFile; fileRef = 447837E628DA587D00C519AE /* KeychainStorage.swift */; };
		447837EB28DA5EFA00C519AE /* LockViewController.swift in Sources */ = {isa = PBXBuildFile; fileRef = 447837EA28DA5EFA00C519AE /* LockViewController.swift */; };
		447837EE28DA5F3400C519AE /* LockPresenter.swift in Sources */ = {isa = PBXBuildFile; fileRef = 447837ED28DA5F3400C519AE /* LockPresenter.swift */; };
		447837F128DA60B800C519AE /* UIAlertController+createInputAlertController.swift in Sources */ = {isa = PBXBuildFile; fileRef = 447837F028DA60B800C519AE /* UIAlertController+createInputAlertController.swift */; };
		447837F428DA715000C519AE /* LocalAuth.swift in Sources */ = {isa = PBXBuildFile; fileRef = 447837F328DA715000C519AE /* LocalAuth.swift */; };
		447837F628DA71B000C519AE /* AuthenticationUseCase.swift in Sources */ = {isa = PBXBuildFile; fileRef = 447837F528DA71B000C519AE /* AuthenticationUseCase.swift */; };
		447837F828DA728900C519AE /* AuthenticationRepository.swift in Sources */ = {isa = PBXBuildFile; fileRef = 447837F728DA728900C519AE /* AuthenticationRepository.swift */; };
		447837FA28DA741400C519AE /* DefaultAuthenticationRepository.swift in Sources */ = {isa = PBXBuildFile; fileRef = 447837F928DA741400C519AE /* DefaultAuthenticationRepository.swift */; };
		447837FE28DA7A5300C519AE /* LockView.swift in Sources */ = {isa = PBXBuildFile; fileRef = 447837FD28DA7A5300C519AE /* LockView.swift */; };
		4478380028DA7A7000C519AE /* CodableView.swift in Sources */ = {isa = PBXBuildFile; fileRef = 447837FF28DA7A7000C519AE /* CodableView.swift */; };
		4478380328DA7B0600C519AE /* SnapKit in Frameworks */ = {isa = PBXBuildFile; productRef = 4478380228DA7B0600C519AE /* SnapKit */; };
		4478380528DA7E0900C519AE /* AnimatedButton.swift in Sources */ = {isa = PBXBuildFile; fileRef = 4478380428DA7E0900C519AE /* AnimatedButton.swift */; };
		4478380828DA7FCB00C519AE /* AutoTableView in Frameworks */ = {isa = PBXBuildFile; productRef = 4478380728DA7FCB00C519AE /* AutoTableView */; };
		4478380B28DA803C00C519AE /* SeriesTableViewCell.swift in Sources */ = {isa = PBXBuildFile; fileRef = 4478380A28DA803C00C519AE /* SeriesTableViewCell.swift */; };
		4478380E28DA805800C519AE /* SeriesView.swift in Sources */ = {isa = PBXBuildFile; fileRef = 4478380D28DA805800C519AE /* SeriesView.swift */; };
		4478381028DA806000C519AE /* SeriesPresenter.swift in Sources */ = {isa = PBXBuildFile; fileRef = 4478380F28DA806000C519AE /* SeriesPresenter.swift */; };
		4478381228DA808600C519AE /* SeriesViewModel.swift in Sources */ = {isa = PBXBuildFile; fileRef = 4478381128DA808600C519AE /* SeriesViewModel.swift */; };
		4478381428DA908B00C519AE /* PaddingLabel.swift in Sources */ = {isa = PBXBuildFile; fileRef = 4478381328DA908B00C519AE /* PaddingLabel.swift */; };
		4478381628DA91D000C519AE /* ImageView+downloaded.swift in Sources */ = {isa = PBXBuildFile; fileRef = 4478381528DA91D000C519AE /* ImageView+downloaded.swift */; };
		4478381928DA9E5B00C519AE /* SeriesDetailsViewController.swift in Sources */ = {isa = PBXBuildFile; fileRef = 4478381828DA9E5B00C519AE /* SeriesDetailsViewController.swift */; };
		4478381B28DA9E6400C519AE /* SeriesDetailsView.swift in Sources */ = {isa = PBXBuildFile; fileRef = 4478381A28DA9E6400C519AE /* SeriesDetailsView.swift */; };
		4478381D28DA9E6E00C519AE /* SeriesDetailsPresenter.swift in Sources */ = {isa = PBXBuildFile; fileRef = 4478381C28DA9E6E00C519AE /* SeriesDetailsPresenter.swift */; };
		4488E1C728DA17AD005E32F0 /* RouterFactory.swift in Sources */ = {isa = PBXBuildFile; fileRef = 4488E1C628DA17AD005E32F0 /* RouterFactory.swift */; };
		4488E1C928DA1818005E32F0 /* EpisodeRouter.swift in Sources */ = {isa = PBXBuildFile; fileRef = 4488E1C828DA1818005E32F0 /* EpisodeRouter.swift */; };
		4488E1CB28DA1BB7005E32F0 /* PersonRouter.swift in Sources */ = {isa = PBXBuildFile; fileRef = 4488E1CA28DA1BB7005E32F0 /* PersonRouter.swift */; };
		4488E1CD28DA1D67005E32F0 /* Router.swift in Sources */ = {isa = PBXBuildFile; fileRef = 4488E1CC28DA1D67005E32F0 /* Router.swift */; };
		44DCAC2C28DAB1620001B819 /* SeasonRouter.swift in Sources */ = {isa = PBXBuildFile; fileRef = 44DCAC2B28DAB1620001B819 /* SeasonRouter.swift */; };
		44DCAC2E28DAB50F0001B819 /* SeriesDetailsViewModel.swift in Sources */ = {isa = PBXBuildFile; fileRef = 44DCAC2D28DAB50F0001B819 /* SeriesDetailsViewModel.swift */; };
		44DCAC3028DAB5AD0001B819 /* SeriesDetailsEpisodeTableViewCell.swift in Sources */ = {isa = PBXBuildFile; fileRef = 44DCAC2F28DAB5AD0001B819 /* SeriesDetailsEpisodeTableViewCell.swift */; };
		44F197BC28D61D99001E9635 /* AppDelegate.swift in Sources */ = {isa = PBXBuildFile; fileRef = 44F197BB28D61D99001E9635 /* AppDelegate.swift */; };
		44F197BE28D61D99001E9635 /* SceneDelegate.swift in Sources */ = {isa = PBXBuildFile; fileRef = 44F197BD28D61D99001E9635 /* SceneDelegate.swift */; };
		44F197C028D61D99001E9635 /* SeriesViewController.swift in Sources */ = {isa = PBXBuildFile; fileRef = 44F197BF28D61D99001E9635 /* SeriesViewController.swift */; };
		44F197C828D61D99001E9635 /* Assets.xcassets in Resources */ = {isa = PBXBuildFile; fileRef = 44F197C728D61D99001E9635 /* Assets.xcassets */; };
		44F197CB28D61D99001E9635 /* LaunchScreen.storyboard in Resources */ = {isa = PBXBuildFile; fileRef = 44F197C928D61D99001E9635 /* LaunchScreen.storyboard */; };
		44F197D628D61D9A001E9635 /* JobsityChallengeTests.swift in Sources */ = {isa = PBXBuildFile; fileRef = 44F197D528D61D9A001E9635 /* JobsityChallengeTests.swift */; };
		44F197E028D61D9A001E9635 /* JobsityChallengeUITests.swift in Sources */ = {isa = PBXBuildFile; fileRef = 44F197DF28D61D9A001E9635 /* JobsityChallengeUITests.swift */; };
		44F197E228D61D9A001E9635 /* JobsityChallengeUITestsLaunchTests.swift in Sources */ = {isa = PBXBuildFile; fileRef = 44F197E128D61D9A001E9635 /* JobsityChallengeUITestsLaunchTests.swift */; };
		44F197F328D61E0A001E9635 /* Coordinator.swift in Sources */ = {isa = PBXBuildFile; fileRef = 44F197F228D61E0A001E9635 /* Coordinator.swift */; };
		44F197F728D6220A001E9635 /* FetchEntityUseCase.swift in Sources */ = {isa = PBXBuildFile; fileRef = 44F197F628D6220A001E9635 /* FetchEntityUseCase.swift */; };
		44F197F928D6221A001E9635 /* UseCase.swift in Sources */ = {isa = PBXBuildFile; fileRef = 44F197F828D6221A001E9635 /* UseCase.swift */; };
		44F197FF28D62290001E9635 /* Serie.swift in Sources */ = {isa = PBXBuildFile; fileRef = 44F197FE28D62290001E9635 /* Serie.swift */; };
		44F1980228D622EB001E9635 /* FetchEntityRepository.swift in Sources */ = {isa = PBXBuildFile; fileRef = 44F1980128D622EB001E9635 /* FetchEntityRepository.swift */; };
		44F1980428D626F3001E9635 /* RepositoryError.swift in Sources */ = {isa = PBXBuildFile; fileRef = 44F1980328D626F3001E9635 /* RepositoryError.swift */; };
		44F1980828D62788001E9635 /* FetchSeriesUseCasesTests.swift in Sources */ = {isa = PBXBuildFile; fileRef = 44F1980728D62788001E9635 /* FetchSeriesUseCasesTests.swift */; };
		44F1980B28D627B6001E9635 /* MockRepository.swift in Sources */ = {isa = PBXBuildFile; fileRef = 44F1980A28D627B6001E9635 /* MockRepository.swift */; };
		44F1980D28D62908001E9635 /* Series.json in Sources */ = {isa = PBXBuildFile; fileRef = 44F1980C28D62908001E9635 /* Series.json */; };
		44F1981028D62C46001E9635 /* Series.json in Resources */ = {isa = PBXBuildFile; fileRef = 44F1980C28D62908001E9635 /* Series.json */; };
		44F1981328D6331E001E9635 /* EntityRepository.swift in Sources */ = {isa = PBXBuildFile; fileRef = 44F1981228D6331D001E9635 /* EntityRepository.swift */; };
		44F1981628D636B4001E9635 /* URL+appendQueryItem.swift in Sources */ = {isa = PBXBuildFile; fileRef = 44F1981528D636B4001E9635 /* URL+appendQueryItem.swift */; };
		44F1981928D63725001E9635 /* HTTPMethod.swift in Sources */ = {isa = PBXBuildFile; fileRef = 44F1981828D63725001E9635 /* HTTPMethod.swift */; };
		44F1981C28D6374D001E9635 /* SerieRouter.swift in Sources */ = {isa = PBXBuildFile; fileRef = 44F1981B28D6374D001E9635 /* SerieRouter.swift */; };
		44F1981F28D637CE001E9635 /* APIClient.swift in Sources */ = {isa = PBXBuildFile; fileRef = 44F1981E28D637CE001E9635 /* APIClient.swift */; };
/* End PBXBuildFile section */

/* Begin PBXContainerItemProxy section */
		44F197D228D61D9A001E9635 /* PBXContainerItemProxy */ = {
			isa = PBXContainerItemProxy;
			containerPortal = 44F197B028D61D99001E9635 /* Project object */;
			proxyType = 1;
			remoteGlobalIDString = 44F197B728D61D99001E9635;
			remoteInfo = JobsityChallenge;
		};
		44F197DC28D61D9A001E9635 /* PBXContainerItemProxy */ = {
			isa = PBXContainerItemProxy;
			containerPortal = 44F197B028D61D99001E9635 /* Project object */;
			proxyType = 1;
			remoteGlobalIDString = 44F197B728D61D99001E9635;
			remoteInfo = JobsityChallenge;
		};
/* End PBXContainerItemProxy section */

/* Begin PBXFileReference section */
		447837C128DA29E400C519AE /* ToggleSerieAsFavoriteUseCase.swift */ = {isa = PBXFileReference; fileEncoding = 4; lastKnownFileType = sourcecode.swift; path = ToggleSerieAsFavoriteUseCase.swift; sourceTree = "<group>"; };
		447837C328DA29F100C519AE /* ToggleSerieAsFavoriteRepository.swift */ = {isa = PBXFileReference; fileEncoding = 4; lastKnownFileType = sourcecode.swift; path = ToggleSerieAsFavoriteRepository.swift; sourceTree = "<group>"; };
		447837C528DA29FB00C519AE /* DefaultToggleSerieAsFavoriteRepository.swift */ = {isa = PBXFileReference; fileEncoding = 4; lastKnownFileType = sourcecode.swift; path = DefaultToggleSerieAsFavoriteRepository.swift; sourceTree = "<group>"; };
		447837E228DA329600C519AE /* LocalStorage.swift */ = {isa = PBXFileReference; lastKnownFileType = sourcecode.swift; path = LocalStorage.swift; sourceTree = "<group>"; };
		447837E628DA587D00C519AE /* KeychainStorage.swift */ = {isa = PBXFileReference; lastKnownFileType = sourcecode.swift; path = KeychainStorage.swift; sourceTree = "<group>"; };
		447837EA28DA5EFA00C519AE /* LockViewController.swift */ = {isa = PBXFileReference; lastKnownFileType = sourcecode.swift; path = LockViewController.swift; sourceTree = "<group>"; };
		447837ED28DA5F3400C519AE /* LockPresenter.swift */ = {isa = PBXFileReference; lastKnownFileType = sourcecode.swift; path = LockPresenter.swift; sourceTree = "<group>"; };
		447837F028DA60B800C519AE /* UIAlertController+createInputAlertController.swift */ = {isa = PBXFileReference; lastKnownFileType = sourcecode.swift; path = "UIAlertController+createInputAlertController.swift"; sourceTree = "<group>"; };
		447837F328DA715000C519AE /* LocalAuth.swift */ = {isa = PBXFileReference; lastKnownFileType = sourcecode.swift; path = LocalAuth.swift; sourceTree = "<group>"; };
		447837F528DA71B000C519AE /* AuthenticationUseCase.swift */ = {isa = PBXFileReference; lastKnownFileType = sourcecode.swift; path = AuthenticationUseCase.swift; sourceTree = "<group>"; };
		447837F728DA728900C519AE /* AuthenticationRepository.swift */ = {isa = PBXFileReference; lastKnownFileType = sourcecode.swift; path = AuthenticationRepository.swift; sourceTree = "<group>"; };
		447837F928DA741400C519AE /* DefaultAuthenticationRepository.swift */ = {isa = PBXFileReference; lastKnownFileType = sourcecode.swift; path = DefaultAuthenticationRepository.swift; sourceTree = "<group>"; };
		447837FD28DA7A5300C519AE /* LockView.swift */ = {isa = PBXFileReference; lastKnownFileType = sourcecode.swift; path = LockView.swift; sourceTree = "<group>"; };
		447837FF28DA7A7000C519AE /* CodableView.swift */ = {isa = PBXFileReference; lastKnownFileType = sourcecode.swift; path = CodableView.swift; sourceTree = "<group>"; };
		4478380428DA7E0900C519AE /* AnimatedButton.swift */ = {isa = PBXFileReference; lastKnownFileType = sourcecode.swift; path = AnimatedButton.swift; sourceTree = "<group>"; };
		4478380A28DA803C00C519AE /* SeriesTableViewCell.swift */ = {isa = PBXFileReference; lastKnownFileType = sourcecode.swift; path = SeriesTableViewCell.swift; sourceTree = "<group>"; };
		4478380D28DA805800C519AE /* SeriesView.swift */ = {isa = PBXFileReference; lastKnownFileType = sourcecode.swift; path = SeriesView.swift; sourceTree = "<group>"; };
		4478380F28DA806000C519AE /* SeriesPresenter.swift */ = {isa = PBXFileReference; lastKnownFileType = sourcecode.swift; path = SeriesPresenter.swift; sourceTree = "<group>"; };
		4478381128DA808600C519AE /* SeriesViewModel.swift */ = {isa = PBXFileReference; lastKnownFileType = sourcecode.swift; path = SeriesViewModel.swift; sourceTree = "<group>"; };
		4478381328DA908B00C519AE /* PaddingLabel.swift */ = {isa = PBXFileReference; lastKnownFileType = sourcecode.swift; path = PaddingLabel.swift; sourceTree = "<group>"; };
		4478381528DA91D000C519AE /* ImageView+downloaded.swift */ = {isa = PBXFileReference; lastKnownFileType = sourcecode.swift; path = "ImageView+downloaded.swift"; sourceTree = "<group>"; };
		4478381828DA9E5B00C519AE /* SeriesDetailsViewController.swift */ = {isa = PBXFileReference; lastKnownFileType = sourcecode.swift; path = SeriesDetailsViewController.swift; sourceTree = "<group>"; };
		4478381A28DA9E6400C519AE /* SeriesDetailsView.swift */ = {isa = PBXFileReference; lastKnownFileType = sourcecode.swift; path = SeriesDetailsView.swift; sourceTree = "<group>"; };
		4478381C28DA9E6E00C519AE /* SeriesDetailsPresenter.swift */ = {isa = PBXFileReference; lastKnownFileType = sourcecode.swift; path = SeriesDetailsPresenter.swift; sourceTree = "<group>"; };
		4488E1C628DA17AD005E32F0 /* RouterFactory.swift */ = {isa = PBXFileReference; lastKnownFileType = sourcecode.swift; path = RouterFactory.swift; sourceTree = "<group>"; };
		4488E1C828DA1818005E32F0 /* EpisodeRouter.swift */ = {isa = PBXFileReference; lastKnownFileType = sourcecode.swift; path = EpisodeRouter.swift; sourceTree = "<group>"; };
		4488E1CA28DA1BB7005E32F0 /* PersonRouter.swift */ = {isa = PBXFileReference; lastKnownFileType = sourcecode.swift; path = PersonRouter.swift; sourceTree = "<group>"; };
		4488E1CC28DA1D67005E32F0 /* Router.swift */ = {isa = PBXFileReference; lastKnownFileType = sourcecode.swift; path = Router.swift; sourceTree = "<group>"; };
		44DCAC2B28DAB1620001B819 /* SeasonRouter.swift */ = {isa = PBXFileReference; lastKnownFileType = sourcecode.swift; path = SeasonRouter.swift; sourceTree = "<group>"; };
		44DCAC2D28DAB50F0001B819 /* SeriesDetailsViewModel.swift */ = {isa = PBXFileReference; lastKnownFileType = sourcecode.swift; path = SeriesDetailsViewModel.swift; sourceTree = "<group>"; };
		44DCAC2F28DAB5AD0001B819 /* SeriesDetailsEpisodeTableViewCell.swift */ = {isa = PBXFileReference; lastKnownFileType = sourcecode.swift; path = SeriesDetailsEpisodeTableViewCell.swift; sourceTree = "<group>"; };
		44F197B828D61D99001E9635 /* JobsityChallenge.app */ = {isa = PBXFileReference; explicitFileType = wrapper.application; includeInIndex = 0; path = JobsityChallenge.app; sourceTree = BUILT_PRODUCTS_DIR; };
		44F197BB28D61D99001E9635 /* AppDelegate.swift */ = {isa = PBXFileReference; lastKnownFileType = sourcecode.swift; path = AppDelegate.swift; sourceTree = "<group>"; };
		44F197BD28D61D99001E9635 /* SceneDelegate.swift */ = {isa = PBXFileReference; lastKnownFileType = sourcecode.swift; path = SceneDelegate.swift; sourceTree = "<group>"; };
		44F197BF28D61D99001E9635 /* SeriesViewController.swift */ = {isa = PBXFileReference; lastKnownFileType = sourcecode.swift; path = SeriesViewController.swift; sourceTree = "<group>"; };
		44F197C728D61D99001E9635 /* Assets.xcassets */ = {isa = PBXFileReference; lastKnownFileType = folder.assetcatalog; path = Assets.xcassets; sourceTree = "<group>"; };
		44F197CA28D61D99001E9635 /* Base */ = {isa = PBXFileReference; lastKnownFileType = file.storyboard; name = Base; path = Base.lproj/LaunchScreen.storyboard; sourceTree = "<group>"; };
		44F197CC28D61D99001E9635 /* Info.plist */ = {isa = PBXFileReference; lastKnownFileType = text.plist.xml; path = Info.plist; sourceTree = "<group>"; };
		44F197D128D61D9A001E9635 /* JobsityChallengeTests.xctest */ = {isa = PBXFileReference; explicitFileType = wrapper.cfbundle; includeInIndex = 0; path = JobsityChallengeTests.xctest; sourceTree = BUILT_PRODUCTS_DIR; };
		44F197D528D61D9A001E9635 /* JobsityChallengeTests.swift */ = {isa = PBXFileReference; lastKnownFileType = sourcecode.swift; path = JobsityChallengeTests.swift; sourceTree = "<group>"; };
		44F197DB28D61D9A001E9635 /* JobsityChallengeUITests.xctest */ = {isa = PBXFileReference; explicitFileType = wrapper.cfbundle; includeInIndex = 0; path = JobsityChallengeUITests.xctest; sourceTree = BUILT_PRODUCTS_DIR; };
		44F197DF28D61D9A001E9635 /* JobsityChallengeUITests.swift */ = {isa = PBXFileReference; lastKnownFileType = sourcecode.swift; path = JobsityChallengeUITests.swift; sourceTree = "<group>"; };
		44F197E128D61D9A001E9635 /* JobsityChallengeUITestsLaunchTests.swift */ = {isa = PBXFileReference; lastKnownFileType = sourcecode.swift; path = JobsityChallengeUITestsLaunchTests.swift; sourceTree = "<group>"; };
		44F197F228D61E0A001E9635 /* Coordinator.swift */ = {isa = PBXFileReference; lastKnownFileType = sourcecode.swift; path = Coordinator.swift; sourceTree = "<group>"; };
		44F197F628D6220A001E9635 /* FetchEntityUseCase.swift */ = {isa = PBXFileReference; lastKnownFileType = sourcecode.swift; path = FetchEntityUseCase.swift; sourceTree = "<group>"; };
		44F197F828D6221A001E9635 /* UseCase.swift */ = {isa = PBXFileReference; lastKnownFileType = sourcecode.swift; path = UseCase.swift; sourceTree = "<group>"; };
		44F197FE28D62290001E9635 /* Serie.swift */ = {isa = PBXFileReference; lastKnownFileType = sourcecode.swift; path = Serie.swift; sourceTree = "<group>"; };
		44F1980128D622EB001E9635 /* FetchEntityRepository.swift */ = {isa = PBXFileReference; lastKnownFileType = sourcecode.swift; path = FetchEntityRepository.swift; sourceTree = "<group>"; };
		44F1980328D626F3001E9635 /* RepositoryError.swift */ = {isa = PBXFileReference; lastKnownFileType = sourcecode.swift; path = RepositoryError.swift; sourceTree = "<group>"; };
		44F1980728D62788001E9635 /* FetchSeriesUseCasesTests.swift */ = {isa = PBXFileReference; lastKnownFileType = sourcecode.swift; path = FetchSeriesUseCasesTests.swift; sourceTree = "<group>"; };
		44F1980A28D627B6001E9635 /* MockRepository.swift */ = {isa = PBXFileReference; lastKnownFileType = sourcecode.swift; path = MockRepository.swift; sourceTree = "<group>"; };
		44F1980C28D62908001E9635 /* Series.json */ = {isa = PBXFileReference; lastKnownFileType = text.json; path = Series.json; sourceTree = "<group>"; };
		44F1981228D6331D001E9635 /* EntityRepository.swift */ = {isa = PBXFileReference; lastKnownFileType = sourcecode.swift; path = EntityRepository.swift; sourceTree = "<group>"; };
		44F1981528D636B4001E9635 /* URL+appendQueryItem.swift */ = {isa = PBXFileReference; lastKnownFileType = sourcecode.swift; path = "URL+appendQueryItem.swift"; sourceTree = "<group>"; };
		44F1981828D63725001E9635 /* HTTPMethod.swift */ = {isa = PBXFileReference; lastKnownFileType = sourcecode.swift; path = HTTPMethod.swift; sourceTree = "<group>"; };
		44F1981B28D6374D001E9635 /* SerieRouter.swift */ = {isa = PBXFileReference; lastKnownFileType = sourcecode.swift; path = SerieRouter.swift; sourceTree = "<group>"; };
		44F1981E28D637CE001E9635 /* APIClient.swift */ = {isa = PBXFileReference; lastKnownFileType = sourcecode.swift; path = APIClient.swift; sourceTree = "<group>"; };
/* End PBXFileReference section */

/* Begin PBXFrameworksBuildPhase section */
		44F197B528D61D99001E9635 /* Frameworks */ = {
			isa = PBXFrameworksBuildPhase;
			buildActionMask = 2147483647;
			files = (
				4478380328DA7B0600C519AE /* SnapKit in Frameworks */,
				4478380828DA7FCB00C519AE /* AutoTableView in Frameworks */,
			);
			runOnlyForDeploymentPostprocessing = 0;
		};
		44F197CE28D61D9A001E9635 /* Frameworks */ = {
			isa = PBXFrameworksBuildPhase;
			buildActionMask = 2147483647;
			files = (
			);
			runOnlyForDeploymentPostprocessing = 0;
		};
		44F197D828D61D9A001E9635 /* Frameworks */ = {
			isa = PBXFrameworksBuildPhase;
			buildActionMask = 2147483647;
			files = (
			);
			runOnlyForDeploymentPostprocessing = 0;
		};
/* End PBXFrameworksBuildPhase section */

/* Begin PBXGroup section */
		447837E128DA328300C519AE /* localStorage */ = {
			isa = PBXGroup;
			children = (
				447837E228DA329600C519AE /* LocalStorage.swift */,
			);
			path = localStorage;
			sourceTree = "<group>";
		};
		447837E428DA368B00C519AE /* repositories */ = {
			isa = PBXGroup;
			children = (
				44F1981228D6331D001E9635 /* EntityRepository.swift */,
				447837C528DA29FB00C519AE /* DefaultToggleSerieAsFavoriteRepository.swift */,
				447837F928DA741400C519AE /* DefaultAuthenticationRepository.swift */,
			);
			path = repositories;
			sourceTree = "<group>";
		};
		447837E528DA586500C519AE /* keychainStorage */ = {
			isa = PBXGroup;
			children = (
				447837E628DA587D00C519AE /* KeychainStorage.swift */,
			);
			path = keychainStorage;
			sourceTree = "<group>";
		};
		447837E928DA5EE700C519AE /* viewControllers */ = {
			isa = PBXGroup;
			children = (
				4478381728DA9E4E00C519AE /* SeriesDetails */,
				4478380928DA7FD100C519AE /* Series */,
				447837EC28DA5F2600C519AE /* Lock */,
			);
			path = viewControllers;
			sourceTree = "<group>";
		};
		447837EC28DA5F2600C519AE /* Lock */ = {
			isa = PBXGroup;
			children = (
				447837EA28DA5EFA00C519AE /* LockViewController.swift */,
				447837ED28DA5F3400C519AE /* LockPresenter.swift */,
				447837FD28DA7A5300C519AE /* LockView.swift */,
			);
			path = Lock;
			sourceTree = "<group>";
		};
		447837EF28DA60AA00C519AE /* utils */ = {
			isa = PBXGroup;
			children = (
				447837F028DA60B800C519AE /* UIAlertController+createInputAlertController.swift */,
				447837FF28DA7A7000C519AE /* CodableView.swift */,
				4478380428DA7E0900C519AE /* AnimatedButton.swift */,
				4478381328DA908B00C519AE /* PaddingLabel.swift */,
				4478381528DA91D000C519AE /* ImageView+downloaded.swift */,
			);
			path = utils;
			sourceTree = "<group>";
		};
		447837F228DA713900C519AE /* localAuth */ = {
			isa = PBXGroup;
			children = (
				447837F328DA715000C519AE /* LocalAuth.swift */,
			);
			path = localAuth;
			sourceTree = "<group>";
		};
		4478380928DA7FD100C519AE /* Series */ = {
			isa = PBXGroup;
			children = (
				44F197BF28D61D99001E9635 /* SeriesViewController.swift */,
				4478380D28DA805800C519AE /* SeriesView.swift */,
				4478380F28DA806000C519AE /* SeriesPresenter.swift */,
				4478381128DA808600C519AE /* SeriesViewModel.swift */,
			);
			path = Series;
			sourceTree = "<group>";
		};
		4478380C28DA804200C519AE /* cells */ = {
			isa = PBXGroup;
			children = (
				4478380A28DA803C00C519AE /* SeriesTableViewCell.swift */,
				44DCAC2F28DAB5AD0001B819 /* SeriesDetailsEpisodeTableViewCell.swift */,
			);
			path = cells;
			sourceTree = "<group>";
		};
		4478381728DA9E4E00C519AE /* SeriesDetails */ = {
			isa = PBXGroup;
			children = (
				4478381828DA9E5B00C519AE /* SeriesDetailsViewController.swift */,
				4478381A28DA9E6400C519AE /* SeriesDetailsView.swift */,
				4478381C28DA9E6E00C519AE /* SeriesDetailsPresenter.swift */,
				44DCAC2D28DAB50F0001B819 /* SeriesDetailsViewModel.swift */,
			);
			path = SeriesDetails;
			sourceTree = "<group>";
		};
		44F197AF28D61D99001E9635 = {
			isa = PBXGroup;
			children = (
				44F197BA28D61D99001E9635 /* JobsityChallenge */,
				44F197D428D61D9A001E9635 /* JobsityChallengeTests */,
				44F197DE28D61D9A001E9635 /* JobsityChallengeUITests */,
				44F197B928D61D99001E9635 /* Products */,
			);
			sourceTree = "<group>";
		};
		44F197B928D61D99001E9635 /* Products */ = {
			isa = PBXGroup;
			children = (
				44F197B828D61D99001E9635 /* JobsityChallenge.app */,
				44F197D128D61D9A001E9635 /* JobsityChallengeTests.xctest */,
				44F197DB28D61D9A001E9635 /* JobsityChallengeUITests.xctest */,
			);
			name = Products;
			sourceTree = "<group>";
		};
		44F197BA28D61D99001E9635 /* JobsityChallenge */ = {
			isa = PBXGroup;
			children = (
				44F197EE28D61DDE001E9635 /* source */,
				44F197CC28D61D99001E9635 /* Info.plist */,
			);
			path = JobsityChallenge;
			sourceTree = "<group>";
		};
		44F197D428D61D9A001E9635 /* JobsityChallengeTests */ = {
			isa = PBXGroup;
			children = (
				44F1980528D6276E001E9635 /* domain */,
				44F197D528D61D9A001E9635 /* JobsityChallengeTests.swift */,
			);
			path = JobsityChallengeTests;
			sourceTree = "<group>";
		};
		44F197DE28D61D9A001E9635 /* JobsityChallengeUITests */ = {
			isa = PBXGroup;
			children = (
				44F197DF28D61D9A001E9635 /* JobsityChallengeUITests.swift */,
				44F197E128D61D9A001E9635 /* JobsityChallengeUITestsLaunchTests.swift */,
			);
			path = JobsityChallengeUITests;
			sourceTree = "<group>";
		};
		44F197EE28D61DDE001E9635 /* source */ = {
			isa = PBXGroup;
			children = (
				44F1981D28D637AA001E9635 /* infrastructure */,
				44F1981128D63306001E9635 /* network */,
				44F197F428D621ED001E9635 /* domain */,
				44F197EF28D61DE5001E9635 /* presentation */,
			);
			path = source;
			sourceTree = "<group>";
		};
		44F197EF28D61DE5001E9635 /* presentation */ = {
			isa = PBXGroup;
			children = (
				4478380C28DA804200C519AE /* cells */,
				447837EF28DA60AA00C519AE /* utils */,
				447837E928DA5EE700C519AE /* viewControllers */,
				44F197C928D61D99001E9635 /* LaunchScreen.storyboard */,
				44F197C728D61D99001E9635 /* Assets.xcassets */,
				44F197BB28D61D99001E9635 /* AppDelegate.swift */,
				44F197BD28D61D99001E9635 /* SceneDelegate.swift */,
				44F197F128D61E00001E9635 /* coordinator */,
			);
			path = presentation;
			sourceTree = "<group>";
		};
		44F197F128D61E00001E9635 /* coordinator */ = {
			isa = PBXGroup;
			children = (
				44F197F228D61E0A001E9635 /* Coordinator.swift */,
			);
			path = coordinator;
			sourceTree = "<group>";
		};
		44F197F428D621ED001E9635 /* domain */ = {
			isa = PBXGroup;
			children = (
				44F1980028D622D8001E9635 /* repositories */,
				44F197FD28D62287001E9635 /* entities */,
				44F197F528D621F8001E9635 /* useCases */,
			);
			path = domain;
			sourceTree = "<group>";
		};
		44F197F528D621F8001E9635 /* useCases */ = {
			isa = PBXGroup;
			children = (
				447837C128DA29E400C519AE /* ToggleSerieAsFavoriteUseCase.swift */,
				44F197F628D6220A001E9635 /* FetchEntityUseCase.swift */,
				44F197F828D6221A001E9635 /* UseCase.swift */,
				447837F528DA71B000C519AE /* AuthenticationUseCase.swift */,
			);
			path = useCases;
			sourceTree = "<group>";
		};
		44F197FD28D62287001E9635 /* entities */ = {
			isa = PBXGroup;
			children = (
				44F197FE28D62290001E9635 /* Serie.swift */,
			);
			path = entities;
			sourceTree = "<group>";
		};
		44F1980028D622D8001E9635 /* repositories */ = {
			isa = PBXGroup;
			children = (
				447837C328DA29F100C519AE /* ToggleSerieAsFavoriteRepository.swift */,
				44F1980128D622EB001E9635 /* FetchEntityRepository.swift */,
				44F1980328D626F3001E9635 /* RepositoryError.swift */,
				447837F728DA728900C519AE /* AuthenticationRepository.swift */,
			);
			path = repositories;
			sourceTree = "<group>";
		};
		44F1980528D6276E001E9635 /* domain */ = {
			isa = PBXGroup;
			children = (
				44F1980928D627AB001E9635 /* mock */,
				44F1980628D62777001E9635 /* useCases */,
			);
			path = domain;
			sourceTree = "<group>";
		};
		44F1980628D62777001E9635 /* useCases */ = {
			isa = PBXGroup;
			children = (
				44F1980728D62788001E9635 /* FetchSeriesUseCasesTests.swift */,
			);
			path = useCases;
			sourceTree = "<group>";
		};
		44F1980928D627AB001E9635 /* mock */ = {
			isa = PBXGroup;
			children = (
				44F1980A28D627B6001E9635 /* MockRepository.swift */,
				44F1980C28D62908001E9635 /* Series.json */,
			);
			path = mock;
			sourceTree = "<group>";
		};
		44F1981128D63306001E9635 /* network */ = {
			isa = PBXGroup;
			children = (
				447837E428DA368B00C519AE /* repositories */,
				44F1981A28D63741001E9635 /* routers */,
				44F1981728D6371C001E9635 /* utils */,
				44F1981428D636A1001E9635 /* extension */,
			);
			path = network;
			sourceTree = "<group>";
		};
		44F1981428D636A1001E9635 /* extension */ = {
			isa = PBXGroup;
			children = (
				44F1981528D636B4001E9635 /* URL+appendQueryItem.swift */,
			);
			path = extension;
			sourceTree = "<group>";
		};
		44F1981728D6371C001E9635 /* utils */ = {
			isa = PBXGroup;
			children = (
				44F1981828D63725001E9635 /* HTTPMethod.swift */,
			);
			path = utils;
			sourceTree = "<group>";
		};
		44F1981A28D63741001E9635 /* routers */ = {
			isa = PBXGroup;
			children = (
				4488E1C628DA17AD005E32F0 /* RouterFactory.swift */,
				44F1981B28D6374D001E9635 /* SerieRouter.swift */,
				4488E1C828DA1818005E32F0 /* EpisodeRouter.swift */,
				4488E1CA28DA1BB7005E32F0 /* PersonRouter.swift */,
				4488E1CC28DA1D67005E32F0 /* Router.swift */,
				44DCAC2B28DAB1620001B819 /* SeasonRouter.swift */,
			);
			path = routers;
			sourceTree = "<group>";
		};
		44F1981D28D637AA001E9635 /* infrastructure */ = {
			isa = PBXGroup;
			children = (
				447837F228DA713900C519AE /* localAuth */,
				447837E528DA586500C519AE /* keychainStorage */,
				447837E128DA328300C519AE /* localStorage */,
				44F1981E28D637CE001E9635 /* APIClient.swift */,
			);
			path = infrastructure;
			sourceTree = "<group>";
		};
/* End PBXGroup section */

/* Begin PBXNativeTarget section */
		44F197B728D61D99001E9635 /* JobsityChallenge */ = {
			isa = PBXNativeTarget;
			buildConfigurationList = 44F197E528D61D9A001E9635 /* Build configuration list for PBXNativeTarget "JobsityChallenge" */;
			buildPhases = (
				44F197B428D61D99001E9635 /* Sources */,
				44F197B528D61D99001E9635 /* Frameworks */,
				44F197B628D61D99001E9635 /* Resources */,
			);
			buildRules = (
			);
			dependencies = (
			);
			name = JobsityChallenge;
			packageProductDependencies = (
				4478380228DA7B0600C519AE /* SnapKit */,
				4478380728DA7FCB00C519AE /* AutoTableView */,
			);
			productName = JobsityChallenge;
			productReference = 44F197B828D61D99001E9635 /* JobsityChallenge.app */;
			productType = "com.apple.product-type.application";
		};
		44F197D028D61D9A001E9635 /* JobsityChallengeTests */ = {
			isa = PBXNativeTarget;
			buildConfigurationList = 44F197E828D61D9A001E9635 /* Build configuration list for PBXNativeTarget "JobsityChallengeTests" */;
			buildPhases = (
				44F197CD28D61D9A001E9635 /* Sources */,
				44F197CE28D61D9A001E9635 /* Frameworks */,
				44F197CF28D61D9A001E9635 /* Resources */,
			);
			buildRules = (
			);
			dependencies = (
				44F197D328D61D9A001E9635 /* PBXTargetDependency */,
			);
			name = JobsityChallengeTests;
			productName = JobsityChallengeTests;
			productReference = 44F197D128D61D9A001E9635 /* JobsityChallengeTests.xctest */;
			productType = "com.apple.product-type.bundle.unit-test";
		};
		44F197DA28D61D9A001E9635 /* JobsityChallengeUITests */ = {
			isa = PBXNativeTarget;
			buildConfigurationList = 44F197EB28D61D9A001E9635 /* Build configuration list for PBXNativeTarget "JobsityChallengeUITests" */;
			buildPhases = (
				44F197D728D61D9A001E9635 /* Sources */,
				44F197D828D61D9A001E9635 /* Frameworks */,
				44F197D928D61D9A001E9635 /* Resources */,
			);
			buildRules = (
			);
			dependencies = (
				44F197DD28D61D9A001E9635 /* PBXTargetDependency */,
			);
			name = JobsityChallengeUITests;
			productName = JobsityChallengeUITests;
			productReference = 44F197DB28D61D9A001E9635 /* JobsityChallengeUITests.xctest */;
			productType = "com.apple.product-type.bundle.ui-testing";
		};
/* End PBXNativeTarget section */

/* Begin PBXProject section */
		44F197B028D61D99001E9635 /* Project object */ = {
			isa = PBXProject;
			attributes = {
				BuildIndependentTargetsInParallel = 1;
				LastSwiftUpdateCheck = 1310;
				LastUpgradeCheck = 1310;
				TargetAttributes = {
					44F197B728D61D99001E9635 = {
						CreatedOnToolsVersion = 13.1;
					};
					44F197D028D61D9A001E9635 = {
						CreatedOnToolsVersion = 13.1;
						TestTargetID = 44F197B728D61D99001E9635;
					};
					44F197DA28D61D9A001E9635 = {
						CreatedOnToolsVersion = 13.1;
						TestTargetID = 44F197B728D61D99001E9635;
					};
				};
			};
			buildConfigurationList = 44F197B328D61D99001E9635 /* Build configuration list for PBXProject "JobsityChallenge" */;
			compatibilityVersion = "Xcode 13.0";
			developmentRegion = en;
			hasScannedForEncodings = 0;
			knownRegions = (
				en,
				Base,
			);
			mainGroup = 44F197AF28D61D99001E9635;
			packageReferences = (
				4478380128DA7B0600C519AE /* XCRemoteSwiftPackageReference "SnapKit" */,
				4478380628DA7FCB00C519AE /* XCRemoteSwiftPackageReference "AutoTableView" */,
			);
			productRefGroup = 44F197B928D61D99001E9635 /* Products */;
			projectDirPath = "";
			projectRoot = "";
			targets = (
				44F197B728D61D99001E9635 /* JobsityChallenge */,
				44F197D028D61D9A001E9635 /* JobsityChallengeTests */,
				44F197DA28D61D9A001E9635 /* JobsityChallengeUITests */,
			);
		};
/* End PBXProject section */

/* Begin PBXResourcesBuildPhase section */
		44F197B628D61D99001E9635 /* Resources */ = {
			isa = PBXResourcesBuildPhase;
			buildActionMask = 2147483647;
			files = (
				44F197CB28D61D99001E9635 /* LaunchScreen.storyboard in Resources */,
				44F197C828D61D99001E9635 /* Assets.xcassets in Resources */,
				44F1981028D62C46001E9635 /* Series.json in Resources */,
			);
			runOnlyForDeploymentPostprocessing = 0;
		};
		44F197CF28D61D9A001E9635 /* Resources */ = {
			isa = PBXResourcesBuildPhase;
			buildActionMask = 2147483647;
			files = (
			);
			runOnlyForDeploymentPostprocessing = 0;
		};
		44F197D928D61D9A001E9635 /* Resources */ = {
			isa = PBXResourcesBuildPhase;
			buildActionMask = 2147483647;
			files = (
			);
			runOnlyForDeploymentPostprocessing = 0;
		};
/* End PBXResourcesBuildPhase section */

/* Begin PBXSourcesBuildPhase section */
		44F197B428D61D99001E9635 /* Sources */ = {
			isa = PBXSourcesBuildPhase;
			buildActionMask = 2147483647;
			files = (
				447837C228DA29E400C519AE /* ToggleSerieAsFavoriteUseCase.swift in Sources */,
				447837F828DA728900C519AE /* AuthenticationRepository.swift in Sources */,
				44F1981328D6331E001E9635 /* EntityRepository.swift in Sources */,
				447837FA28DA741400C519AE /* DefaultAuthenticationRepository.swift in Sources */,
				4478381B28DA9E6400C519AE /* SeriesDetailsView.swift in Sources */,
				4478381928DA9E5B00C519AE /* SeriesDetailsViewController.swift in Sources */,
				4478380528DA7E0900C519AE /* AnimatedButton.swift in Sources */,
				44DCAC2C28DAB1620001B819 /* SeasonRouter.swift in Sources */,
				44F197F728D6220A001E9635 /* FetchEntityUseCase.swift in Sources */,
				447837EB28DA5EFA00C519AE /* LockViewController.swift in Sources */,
				44F1981628D636B4001E9635 /* URL+appendQueryItem.swift in Sources */,
				4478380E28DA805800C519AE /* SeriesView.swift in Sources */,
				44F197C028D61D99001E9635 /* SeriesViewController.swift in Sources */,
				4478381228DA808600C519AE /* SeriesViewModel.swift in Sources */,
				44F197F328D61E0A001E9635 /* Coordinator.swift in Sources */,
				4488E1CD28DA1D67005E32F0 /* Router.swift in Sources */,
				44F1980428D626F3001E9635 /* RepositoryError.swift in Sources */,
				447837C428DA29F100C519AE /* ToggleSerieAsFavoriteRepository.swift in Sources */,
				447837E328DA329600C519AE /* LocalStorage.swift in Sources */,
				4478381028DA806000C519AE /* SeriesPresenter.swift in Sources */,
				4478380B28DA803C00C519AE /* SeriesTableViewCell.swift in Sources */,
				447837F428DA715000C519AE /* LocalAuth.swift in Sources */,
				4488E1C728DA17AD005E32F0 /* RouterFactory.swift in Sources */,
				4478381D28DA9E6E00C519AE /* SeriesDetailsPresenter.swift in Sources */,
				44DCAC2E28DAB50F0001B819 /* SeriesDetailsViewModel.swift in Sources */,
				44DCAC3028DAB5AD0001B819 /* SeriesDetailsEpisodeTableViewCell.swift in Sources */,
				447837F128DA60B800C519AE /* UIAlertController+createInputAlertController.swift in Sources */,
				44F197FF28D62290001E9635 /* Serie.swift in Sources */,
				4478380028DA7A7000C519AE /* CodableView.swift in Sources */,
				4488E1CB28DA1BB7005E32F0 /* PersonRouter.swift in Sources */,
				447837FE28DA7A5300C519AE /* LockView.swift in Sources */,
				44F1981F28D637CE001E9635 /* APIClient.swift in Sources */,
				4478381428DA908B00C519AE /* PaddingLabel.swift in Sources */,
				4478381628DA91D000C519AE /* ImageView+downloaded.swift in Sources */,
				447837EE28DA5F3400C519AE /* LockPresenter.swift in Sources */,
				44F197F928D6221A001E9635 /* UseCase.swift in Sources */,
				44F1981C28D6374D001E9635 /* SerieRouter.swift in Sources */,
				44F197BC28D61D99001E9635 /* AppDelegate.swift in Sources */,
				44F1981928D63725001E9635 /* HTTPMethod.swift in Sources */,
				447837C628DA29FB00C519AE /* DefaultToggleSerieAsFavoriteRepository.swift in Sources */,
				447837F628DA71B000C519AE /* AuthenticationUseCase.swift in Sources */,
				44F1980228D622EB001E9635 /* FetchEntityRepository.swift in Sources */,
				4488E1C928DA1818005E32F0 /* EpisodeRouter.swift in Sources */,
				44F197BE28D61D99001E9635 /* SceneDelegate.swift in Sources */,
				447837E728DA587D00C519AE /* KeychainStorage.swift in Sources */,
			);
			runOnlyForDeploymentPostprocessing = 0;
		};
		44F197CD28D61D9A001E9635 /* Sources */ = {
			isa = PBXSourcesBuildPhase;
			buildActionMask = 2147483647;
			files = (
				44F197D628D61D9A001E9635 /* JobsityChallengeTests.swift in Sources */,
				44F1980B28D627B6001E9635 /* MockRepository.swift in Sources */,
				44F1980D28D62908001E9635 /* Series.json in Sources */,
				44F1980828D62788001E9635 /* FetchSeriesUseCasesTests.swift in Sources */,
			);
			runOnlyForDeploymentPostprocessing = 0;
		};
		44F197D728D61D9A001E9635 /* Sources */ = {
			isa = PBXSourcesBuildPhase;
			buildActionMask = 2147483647;
			files = (
				44F197E028D61D9A001E9635 /* JobsityChallengeUITests.swift in Sources */,
				44F197E228D61D9A001E9635 /* JobsityChallengeUITestsLaunchTests.swift in Sources */,
			);
			runOnlyForDeploymentPostprocessing = 0;
		};
/* End PBXSourcesBuildPhase section */

/* Begin PBXTargetDependency section */
		44F197D328D61D9A001E9635 /* PBXTargetDependency */ = {
			isa = PBXTargetDependency;
			target = 44F197B728D61D99001E9635 /* JobsityChallenge */;
			targetProxy = 44F197D228D61D9A001E9635 /* PBXContainerItemProxy */;
		};
		44F197DD28D61D9A001E9635 /* PBXTargetDependency */ = {
			isa = PBXTargetDependency;
			target = 44F197B728D61D99001E9635 /* JobsityChallenge */;
			targetProxy = 44F197DC28D61D9A001E9635 /* PBXContainerItemProxy */;
		};
/* End PBXTargetDependency section */

/* Begin PBXVariantGroup section */
		44F197C928D61D99001E9635 /* LaunchScreen.storyboard */ = {
			isa = PBXVariantGroup;
			children = (
				44F197CA28D61D99001E9635 /* Base */,
			);
			name = LaunchScreen.storyboard;
			sourceTree = "<group>";
		};
/* End PBXVariantGroup section */

/* Begin XCBuildConfiguration section */
		44F197E328D61D9A001E9635 /* Debug */ = {
			isa = XCBuildConfiguration;
			buildSettings = {
				ALWAYS_SEARCH_USER_PATHS = YES;
				CLANG_ANALYZER_NONNULL = YES;
				CLANG_ANALYZER_NUMBER_OBJECT_CONVERSION = YES_AGGRESSIVE;
				CLANG_CXX_LANGUAGE_STANDARD = "gnu++17";
				CLANG_CXX_LIBRARY = "libc++";
				CLANG_ENABLE_MODULES = YES;
				CLANG_ENABLE_OBJC_ARC = YES;
				CLANG_ENABLE_OBJC_WEAK = YES;
				CLANG_WARN_BLOCK_CAPTURE_AUTORELEASING = YES;
				CLANG_WARN_BOOL_CONVERSION = YES;
				CLANG_WARN_COMMA = YES;
				CLANG_WARN_CONSTANT_CONVERSION = YES;
				CLANG_WARN_DEPRECATED_OBJC_IMPLEMENTATIONS = YES;
				CLANG_WARN_DIRECT_OBJC_ISA_USAGE = YES_ERROR;
				CLANG_WARN_DOCUMENTATION_COMMENTS = YES;
				CLANG_WARN_EMPTY_BODY = YES;
				CLANG_WARN_ENUM_CONVERSION = YES;
				CLANG_WARN_INFINITE_RECURSION = YES;
				CLANG_WARN_INT_CONVERSION = YES;
				CLANG_WARN_NON_LITERAL_NULL_CONVERSION = YES;
				CLANG_WARN_OBJC_IMPLICIT_RETAIN_SELF = YES;
				CLANG_WARN_OBJC_LITERAL_CONVERSION = YES;
				CLANG_WARN_OBJC_ROOT_CLASS = YES_ERROR;
				CLANG_WARN_QUOTED_INCLUDE_IN_FRAMEWORK_HEADER = YES;
				CLANG_WARN_RANGE_LOOP_ANALYSIS = YES;
				CLANG_WARN_STRICT_PROTOTYPES = YES;
				CLANG_WARN_SUSPICIOUS_MOVE = YES;
				CLANG_WARN_UNGUARDED_AVAILABILITY = YES_AGGRESSIVE;
				CLANG_WARN_UNREACHABLE_CODE = YES;
				CLANG_WARN__DUPLICATE_METHOD_MATCH = YES;
				COPY_PHASE_STRIP = NO;
				DEBUG_INFORMATION_FORMAT = dwarf;
				ENABLE_STRICT_OBJC_MSGSEND = YES;
				ENABLE_TESTABILITY = YES;
				ENABLE_TESTING_SEARCH_PATHS = YES;
				GCC_C_LANGUAGE_STANDARD = gnu11;
				GCC_DYNAMIC_NO_PIC = NO;
				GCC_NO_COMMON_BLOCKS = YES;
				GCC_OPTIMIZATION_LEVEL = 0;
				GCC_PREPROCESSOR_DEFINITIONS = (
					"DEBUG=1",
					"$(inherited)",
				);
				GCC_WARN_64_TO_32_BIT_CONVERSION = YES;
				GCC_WARN_ABOUT_RETURN_TYPE = YES_ERROR;
				GCC_WARN_UNDECLARED_SELECTOR = YES;
				GCC_WARN_UNINITIALIZED_AUTOS = YES_AGGRESSIVE;
				GCC_WARN_UNUSED_FUNCTION = YES;
				GCC_WARN_UNUSED_VARIABLE = YES;
				IPHONEOS_DEPLOYMENT_TARGET = 15.0;
				MTL_ENABLE_DEBUG_INFO = INCLUDE_SOURCE;
				MTL_FAST_MATH = YES;
				ONLY_ACTIVE_ARCH = YES;
				SDKROOT = iphoneos;
				SWIFT_ACTIVE_COMPILATION_CONDITIONS = DEBUG;
				SWIFT_OPTIMIZATION_LEVEL = "-Onone";
			};
			name = Debug;
		};
		44F197E428D61D9A001E9635 /* Release */ = {
			isa = XCBuildConfiguration;
			buildSettings = {
				ALWAYS_SEARCH_USER_PATHS = YES;
				CLANG_ANALYZER_NONNULL = YES;
				CLANG_ANALYZER_NUMBER_OBJECT_CONVERSION = YES_AGGRESSIVE;
				CLANG_CXX_LANGUAGE_STANDARD = "gnu++17";
				CLANG_CXX_LIBRARY = "libc++";
				CLANG_ENABLE_MODULES = YES;
				CLANG_ENABLE_OBJC_ARC = YES;
				CLANG_ENABLE_OBJC_WEAK = YES;
				CLANG_WARN_BLOCK_CAPTURE_AUTORELEASING = YES;
				CLANG_WARN_BOOL_CONVERSION = YES;
				CLANG_WARN_COMMA = YES;
				CLANG_WARN_CONSTANT_CONVERSION = YES;
				CLANG_WARN_DEPRECATED_OBJC_IMPLEMENTATIONS = YES;
				CLANG_WARN_DIRECT_OBJC_ISA_USAGE = YES_ERROR;
				CLANG_WARN_DOCUMENTATION_COMMENTS = YES;
				CLANG_WARN_EMPTY_BODY = YES;
				CLANG_WARN_ENUM_CONVERSION = YES;
				CLANG_WARN_INFINITE_RECURSION = YES;
				CLANG_WARN_INT_CONVERSION = YES;
				CLANG_WARN_NON_LITERAL_NULL_CONVERSION = YES;
				CLANG_WARN_OBJC_IMPLICIT_RETAIN_SELF = YES;
				CLANG_WARN_OBJC_LITERAL_CONVERSION = YES;
				CLANG_WARN_OBJC_ROOT_CLASS = YES_ERROR;
				CLANG_WARN_QUOTED_INCLUDE_IN_FRAMEWORK_HEADER = YES;
				CLANG_WARN_RANGE_LOOP_ANALYSIS = YES;
				CLANG_WARN_STRICT_PROTOTYPES = YES;
				CLANG_WARN_SUSPICIOUS_MOVE = YES;
				CLANG_WARN_UNGUARDED_AVAILABILITY = YES_AGGRESSIVE;
				CLANG_WARN_UNREACHABLE_CODE = YES;
				CLANG_WARN__DUPLICATE_METHOD_MATCH = YES;
				COPY_PHASE_STRIP = NO;
				DEBUG_INFORMATION_FORMAT = "dwarf-with-dsym";
				ENABLE_NS_ASSERTIONS = NO;
				ENABLE_STRICT_OBJC_MSGSEND = YES;
				ENABLE_TESTABILITY = YES;
				ENABLE_TESTING_SEARCH_PATHS = YES;
				GCC_C_LANGUAGE_STANDARD = gnu11;
				GCC_NO_COMMON_BLOCKS = YES;
				GCC_WARN_64_TO_32_BIT_CONVERSION = YES;
				GCC_WARN_ABOUT_RETURN_TYPE = YES_ERROR;
				GCC_WARN_UNDECLARED_SELECTOR = YES;
				GCC_WARN_UNINITIALIZED_AUTOS = YES_AGGRESSIVE;
				GCC_WARN_UNUSED_FUNCTION = YES;
				GCC_WARN_UNUSED_VARIABLE = YES;
				IPHONEOS_DEPLOYMENT_TARGET = 15.0;
				MTL_ENABLE_DEBUG_INFO = NO;
				MTL_FAST_MATH = YES;
				SDKROOT = iphoneos;
				SWIFT_COMPILATION_MODE = wholemodule;
				SWIFT_OPTIMIZATION_LEVEL = "-O";
				VALIDATE_PRODUCT = YES;
			};
			name = Release;
		};
		44F197E628D61D9A001E9635 /* Debug */ = {
			isa = XCBuildConfiguration;
			buildSettings = {
				ASSETCATALOG_COMPILER_APPICON_NAME = AppIcon;
				ASSETCATALOG_COMPILER_GLOBAL_ACCENT_COLOR_NAME = AccentColor;
				CODE_SIGN_STYLE = Automatic;
				CURRENT_PROJECT_VERSION = 1;
				GENERATE_INFOPLIST_FILE = YES;
				INFOPLIST_FILE = JobsityChallenge/Info.plist;
				INFOPLIST_KEY_UIApplicationSupportsIndirectInputEvents = YES;
				INFOPLIST_KEY_UILaunchStoryboardName = LaunchScreen;
				INFOPLIST_KEY_UIMainStoryboardFile = "";
				INFOPLIST_KEY_UISupportedInterfaceOrientations_iPad = "UIInterfaceOrientationPortrait UIInterfaceOrientationPortraitUpsideDown UIInterfaceOrientationLandscapeLeft UIInterfaceOrientationLandscapeRight";
				INFOPLIST_KEY_UISupportedInterfaceOrientations_iPhone = "UIInterfaceOrientationPortrait UIInterfaceOrientationLandscapeLeft UIInterfaceOrientationLandscapeRight";
				LD_RUNPATH_SEARCH_PATHS = (
					"$(inherited)",
					"@executable_path/Frameworks",
				);
				MARKETING_VERSION = 1.0;
				PRODUCT_BUNDLE_IDENTIFIER = com.paulocardosob.JobsityChallenge;
				PRODUCT_NAME = "$(TARGET_NAME)";
				SWIFT_EMIT_LOC_STRINGS = YES;
				SWIFT_VERSION = 5.0;
				TARGETED_DEVICE_FAMILY = "1,2";
			};
			name = Debug;
		};
		44F197E728D61D9A001E9635 /* Release */ = {
			isa = XCBuildConfiguration;
			buildSettings = {
				ASSETCATALOG_COMPILER_APPICON_NAME = AppIcon;
				ASSETCATALOG_COMPILER_GLOBAL_ACCENT_COLOR_NAME = AccentColor;
				CODE_SIGN_STYLE = Automatic;
				CURRENT_PROJECT_VERSION = 1;
				GENERATE_INFOPLIST_FILE = YES;
				INFOPLIST_FILE = JobsityChallenge/Info.plist;
				INFOPLIST_KEY_UIApplicationSupportsIndirectInputEvents = YES;
				INFOPLIST_KEY_UILaunchStoryboardName = LaunchScreen;
				INFOPLIST_KEY_UIMainStoryboardFile = "";
				INFOPLIST_KEY_UISupportedInterfaceOrientations_iPad = "UIInterfaceOrientationPortrait UIInterfaceOrientationPortraitUpsideDown UIInterfaceOrientationLandscapeLeft UIInterfaceOrientationLandscapeRight";
				INFOPLIST_KEY_UISupportedInterfaceOrientations_iPhone = "UIInterfaceOrientationPortrait UIInterfaceOrientationLandscapeLeft UIInterfaceOrientationLandscapeRight";
				LD_RUNPATH_SEARCH_PATHS = (
					"$(inherited)",
					"@executable_path/Frameworks",
				);
				MARKETING_VERSION = 1.0;
				PRODUCT_BUNDLE_IDENTIFIER = com.paulocardosob.JobsityChallenge;
				PRODUCT_NAME = "$(TARGET_NAME)";
				SWIFT_EMIT_LOC_STRINGS = YES;
				SWIFT_VERSION = 5.0;
				TARGETED_DEVICE_FAMILY = "1,2";
			};
			name = Release;
		};
		44F197E928D61D9A001E9635 /* Debug */ = {
			isa = XCBuildConfiguration;
			buildSettings = {
				ALWAYS_EMBED_SWIFT_STANDARD_LIBRARIES = YES;
				BUNDLE_LOADER = "$(TEST_HOST)";
				CODE_SIGN_STYLE = Automatic;
				CURRENT_PROJECT_VERSION = 1;
				GENERATE_INFOPLIST_FILE = YES;
				IPHONEOS_DEPLOYMENT_TARGET = 15.0;
				LD_RUNPATH_SEARCH_PATHS = (
					"$(inherited)",
					"@executable_path/Frameworks",
					"@loader_path/Frameworks",
				);
				MARKETING_VERSION = 1.0;
				PRODUCT_BUNDLE_IDENTIFIER = com.paulocardosob.JobsityChallengeTests;
				PRODUCT_NAME = "$(TARGET_NAME)";
				SWIFT_EMIT_LOC_STRINGS = NO;
				SWIFT_VERSION = 5.0;
				TARGETED_DEVICE_FAMILY = "1,2";
				TEST_HOST = "$(BUILT_PRODUCTS_DIR)/JobsityChallenge.app/JobsityChallenge";
			};
			name = Debug;
		};
		44F197EA28D61D9A001E9635 /* Release */ = {
			isa = XCBuildConfiguration;
			buildSettings = {
				ALWAYS_EMBED_SWIFT_STANDARD_LIBRARIES = YES;
				BUNDLE_LOADER = "$(TEST_HOST)";
				CODE_SIGN_STYLE = Automatic;
				CURRENT_PROJECT_VERSION = 1;
				GENERATE_INFOPLIST_FILE = YES;
				IPHONEOS_DEPLOYMENT_TARGET = 15.0;
				LD_RUNPATH_SEARCH_PATHS = (
					"$(inherited)",
					"@executable_path/Frameworks",
					"@loader_path/Frameworks",
				);
				MARKETING_VERSION = 1.0;
				PRODUCT_BUNDLE_IDENTIFIER = com.paulocardosob.JobsityChallengeTests;
				PRODUCT_NAME = "$(TARGET_NAME)";
				SWIFT_EMIT_LOC_STRINGS = NO;
				SWIFT_VERSION = 5.0;
				TARGETED_DEVICE_FAMILY = "1,2";
				TEST_HOST = "$(BUILT_PRODUCTS_DIR)/JobsityChallenge.app/JobsityChallenge";
			};
			name = Release;
		};
		44F197EC28D61D9A001E9635 /* Debug */ = {
			isa = XCBuildConfiguration;
			buildSettings = {
				ALWAYS_EMBED_SWIFT_STANDARD_LIBRARIES = YES;
				CODE_SIGN_STYLE = Automatic;
				CURRENT_PROJECT_VERSION = 1;
				GENERATE_INFOPLIST_FILE = YES;
				LD_RUNPATH_SEARCH_PATHS = (
					"$(inherited)",
					"@executable_path/Frameworks",
					"@loader_path/Frameworks",
				);
				MARKETING_VERSION = 1.0;
				PRODUCT_BUNDLE_IDENTIFIER = com.paulocardosob.JobsityChallengeUITests;
				PRODUCT_NAME = "$(TARGET_NAME)";
				SWIFT_EMIT_LOC_STRINGS = NO;
				SWIFT_VERSION = 5.0;
				TARGETED_DEVICE_FAMILY = "1,2";
				TEST_TARGET_NAME = JobsityChallenge;
			};
			name = Debug;
		};
		44F197ED28D61D9A001E9635 /* Release */ = {
			isa = XCBuildConfiguration;
			buildSettings = {
				ALWAYS_EMBED_SWIFT_STANDARD_LIBRARIES = YES;
				CODE_SIGN_STYLE = Automatic;
				CURRENT_PROJECT_VERSION = 1;
				GENERATE_INFOPLIST_FILE = YES;
				LD_RUNPATH_SEARCH_PATHS = (
					"$(inherited)",
					"@executable_path/Frameworks",
					"@loader_path/Frameworks",
				);
				MARKETING_VERSION = 1.0;
				PRODUCT_BUNDLE_IDENTIFIER = com.paulocardosob.JobsityChallengeUITests;
				PRODUCT_NAME = "$(TARGET_NAME)";
				SWIFT_EMIT_LOC_STRINGS = NO;
				SWIFT_VERSION = 5.0;
				TARGETED_DEVICE_FAMILY = "1,2";
				TEST_TARGET_NAME = JobsityChallenge;
			};
			name = Release;
		};
/* End XCBuildConfiguration section */

/* Begin XCConfigurationList section */
		44F197B328D61D99001E9635 /* Build configuration list for PBXProject "JobsityChallenge" */ = {
			isa = XCConfigurationList;
			buildConfigurations = (
				44F197E328D61D9A001E9635 /* Debug */,
				44F197E428D61D9A001E9635 /* Release */,
			);
			defaultConfigurationIsVisible = 0;
			defaultConfigurationName = Release;
		};
		44F197E528D61D9A001E9635 /* Build configuration list for PBXNativeTarget "JobsityChallenge" */ = {
			isa = XCConfigurationList;
			buildConfigurations = (
				44F197E628D61D9A001E9635 /* Debug */,
				44F197E728D61D9A001E9635 /* Release */,
			);
			defaultConfigurationIsVisible = 0;
			defaultConfigurationName = Release;
		};
		44F197E828D61D9A001E9635 /* Build configuration list for PBXNativeTarget "JobsityChallengeTests" */ = {
			isa = XCConfigurationList;
			buildConfigurations = (
				44F197E928D61D9A001E9635 /* Debug */,
				44F197EA28D61D9A001E9635 /* Release */,
			);
			defaultConfigurationIsVisible = 0;
			defaultConfigurationName = Release;
		};
		44F197EB28D61D9A001E9635 /* Build configuration list for PBXNativeTarget "JobsityChallengeUITests" */ = {
			isa = XCConfigurationList;
			buildConfigurations = (
				44F197EC28D61D9A001E9635 /* Debug */,
				44F197ED28D61D9A001E9635 /* Release */,
			);
			defaultConfigurationIsVisible = 0;
			defaultConfigurationName = Release;
		};
/* End XCConfigurationList section */

/* Begin XCRemoteSwiftPackageReference section */
		4478380128DA7B0600C519AE /* XCRemoteSwiftPackageReference "SnapKit" */ = {
			isa = XCRemoteSwiftPackageReference;
			repositoryURL = "https://github.com/SnapKit/SnapKit";
			requirement = {
				kind = upToNextMajorVersion;
				minimumVersion = 5.0.0;
			};
		};
		4478380628DA7FCB00C519AE /* XCRemoteSwiftPackageReference "AutoTableView" */ = {
			isa = XCRemoteSwiftPackageReference;
			repositoryURL = "https://github.com/paulojosecb/AutoTableView";
			requirement = {
				branch = master;
				kind = branch;
			};
		};
/* End XCRemoteSwiftPackageReference section */

/* Begin XCSwiftPackageProductDependency section */
		4478380228DA7B0600C519AE /* SnapKit */ = {
			isa = XCSwiftPackageProductDependency;
			package = 4478380128DA7B0600C519AE /* XCRemoteSwiftPackageReference "SnapKit" */;
			productName = SnapKit;
		};
		4478380728DA7FCB00C519AE /* AutoTableView */ = {
			isa = XCSwiftPackageProductDependency;
			package = 4478380628DA7FCB00C519AE /* XCRemoteSwiftPackageReference "AutoTableView" */;
			productName = AutoTableView;
		};
/* End XCSwiftPackageProductDependency section */
	};
	rootObject = 44F197B028D61D99001E9635 /* Project object */;
}
