{
  "object": {
    "pins": [
      {
        "package": "AutoTableView",
        "repositoryURL": "https://github.com/paulojosecb/AutoTableView",
        "state": {
          "branch": "master",
          "revision": "31d252bbb20f6258ee891ee833190fd18c87cd0f",
          "version": null
        }
      },
      {
        "package": "SkeletonView",
        "repositoryURL": "https://github.com/Juanpe/SkeletonView",
        "state": {
          "branch": null,
          "revision": "7a2cc5d51d5dda6fecca542f1930602cce4a6063",
          "version": "1.9.0"
        }
      },
      {
        "package": "SnapKit",
        "repositoryURL": "https://github.com/SnapKit/SnapKit",
        "state": {
          "branch": null,
          "revision": "f222cbdf325885926566172f6f5f06af95473158",
          "version": "5.6.0"
        }
      }
    ]
  },
  "version": 1
}
